
Microsoft Visual Studio Solution File, Format Version 12.00
# Visual Studio Version 17
VisualStudioVersion = 17.9.34728.123
MinimumVisualStudioVersion = 10.0.40219.1
Project("{888888A0-9F3D-457C-B088-3A5042F75D52}") = "Shutdown Computer for wins", "Shutdown Computer for wins.pyproj", "{23E32CA4-14D4-4B5B-85DC-67EA6133B008}"
EndProject
Global
	GlobalSection(SolutionConfigurationPlatforms) = preSolution
		Debug|Any CPU = Debug|Any CPU
		Release|Any CPU = Release|Any CPU
	EndGlobalSection
	GlobalSection(ProjectConfigurationPlatforms) = postSolution
		{23E32CA4-14D4-4B5B-85DC-67EA6133B008}.Debug|Any CPU.ActiveCfg = Debug|Any CPU
		{23E32CA4-14D4-4B5B-85DC-67EA6133B008}.Release|Any CPU.ActiveCfg = Release|Any CPU
	EndGlobalSection
	GlobalSection(SolutionProperties) = preSolution
		HideSolutionNode = FALSE
	EndGlobalSection
	GlobalSection(ExtensibilityGlobals) = postSolution
		SolutionGuid = {A20B4B80-E67F-4672-9E6B-7A896397A047}
	EndGlobalSection
EndGlobal
